
Microsoft Visual Studio Solution File, Format Version 12.00
# Visual Studio Version 17
VisualStudioVersion = 17.0.32112.339
MinimumVisualStudioVersion = 10.0.40219.1
Project("{9A19103F-16F7-4668-BE54-9A1E7A4F7556}") = "Api", "Api\Api.csproj", "{30142C50-CF25-48FF-8522-5A41604A05A8}"
EndProject
Project("{9A19103F-16F7-4668-BE54-9A1E7A4F7556}") = "Contracts", "Contracts\Contracts.csproj", "{40EE6557-CA6E-495E-AE44-3B2273139AC8}"
EndProject
Project("{9A19103F-16F7-4668-BE54-9A1E7A4F7556}") = "LoggerService", "LoggerService\LoggerService.csproj", "{AF2D1B25-63BD-4203-B1C3-2AAAFE4C721E}"
EndProject
Project("{9A19103F-16F7-4668-BE54-9A1E7A4F7556}") = "Entities", "Entities\Entities.csproj", "{D88AA40F-724B-40C3-BA2F-0889192FD704}"
EndProject
Project("{9A19103F-16F7-4668-BE54-9A1E7A4F7556}") = "Repository", "Repository\Repository.csproj", "{C355FF03-64DE-423F-B387-6AB5AD82BF0D}"
EndProject
Project("{9A19103F-16F7-4668-BE54-9A1E7A4F7556}") = "Service.Contracts", "Service.Contracts\Service.Contracts.csproj", "{4DEAF4DB-BA3F-455B-82F1-DF9329612E82}"
EndProject
Project("{9A19103F-16F7-4668-BE54-9A1E7A4F7556}") = "Service", "Service\Service.csproj", "{AA25E2D8-3985-4A1E-864E-5CBFA69DBE42}"
EndProject
Project("{9A19103F-16F7-4668-BE54-9A1E7A4F7556}") = "Api.Presentation", "Api.Presentation\Api.Presentation.csproj", "{90C207BF-B88D-4A47-898A-F828BD91F646}"
EndProject
Project("{9A19103F-16F7-4668-BE54-9A1E7A4F7556}") = "Shared", "Shared\Shared.csproj", "{0E9622F2-35CE-4540-BD51-899E8857EE4A}"
EndProject
Project("{FAE04EC0-301F-11D3-BF4B-00C04F79EFBC}") = "PWA", "PWA\PWA.csproj", "{EC0FA43B-9935-4BF4-8446-CA1482A42F04}"
EndProject
Project("{2150E333-8FDC-42A3-9474-1A3956D46DE8}") = "Backend", "Backend", "{EE5FCEFF-0554-4FD7-9012-C83898DA8A07}"
EndProject
Project("{2150E333-8FDC-42A3-9474-1A3956D46DE8}") = "Frontend", "Frontend", "{1337071C-E75C-4619-8AC6-975C88022F0C}"
EndProject
Global
	GlobalSection(SolutionConfigurationPlatforms) = preSolution
		Debug|Any CPU = Debug|Any CPU
		Release|Any CPU = Release|Any CPU
	EndGlobalSection
	GlobalSection(ProjectConfigurationPlatforms) = postSolution
		{30142C50-CF25-48FF-8522-5A41604A05A8}.Debug|Any CPU.ActiveCfg = Debug|Any CPU
		{30142C50-CF25-48FF-8522-5A41604A05A8}.Debug|Any CPU.Build.0 = Debug|Any CPU
		{30142C50-CF25-48FF-8522-5A41604A05A8}.Release|Any CPU.ActiveCfg = Release|Any CPU
		{30142C50-CF25-48FF-8522-5A41604A05A8}.Release|Any CPU.Build.0 = Release|Any CPU
		{40EE6557-CA6E-495E-AE44-3B2273139AC8}.Debug|Any CPU.ActiveCfg = Debug|Any CPU
		{40EE6557-CA6E-495E-AE44-3B2273139AC8}.Debug|Any CPU.Build.0 = Debug|Any CPU
		{40EE6557-CA6E-495E-AE44-3B2273139AC8}.Release|Any CPU.ActiveCfg = Release|Any CPU
		{40EE6557-CA6E-495E-AE44-3B2273139AC8}.Release|Any CPU.Build.0 = Release|Any CPU
		{AF2D1B25-63BD-4203-B1C3-2AAAFE4C721E}.Debug|Any CPU.ActiveCfg = Debug|Any CPU
		{AF2D1B25-63BD-4203-B1C3-2AAAFE4C721E}.Debug|Any CPU.Build.0 = Debug|Any CPU
		{AF2D1B25-63BD-4203-B1C3-2AAAFE4C721E}.Release|Any CPU.ActiveCfg = Release|Any CPU
		{AF2D1B25-63BD-4203-B1C3-2AAAFE4C721E}.Release|Any CPU.Build.0 = Release|Any CPU
		{D88AA40F-724B-40C3-BA2F-0889192FD704}.Debug|Any CPU.ActiveCfg = Debug|Any CPU
		{D88AA40F-724B-40C3-BA2F-0889192FD704}.Debug|Any CPU.Build.0 = Debug|Any CPU
		{D88AA40F-724B-40C3-BA2F-0889192FD704}.Release|Any CPU.ActiveCfg = Release|Any CPU
		{D88AA40F-724B-40C3-BA2F-0889192FD704}.Release|Any CPU.Build.0 = Release|Any CPU
		{C355FF03-64DE-423F-B387-6AB5AD82BF0D}.Debug|Any CPU.ActiveCfg = Debug|Any CPU
		{C355FF03-64DE-423F-B387-6AB5AD82BF0D}.Debug|Any CPU.Build.0 = Debug|Any CPU
		{C355FF03-64DE-423F-B387-6AB5AD82BF0D}.Release|Any CPU.ActiveCfg = Release|Any CPU
		{C355FF03-64DE-423F-B387-6AB5AD82BF0D}.Release|Any CPU.Build.0 = Release|Any CPU
		{4DEAF4DB-BA3F-455B-82F1-DF9329612E82}.Debug|Any CPU.ActiveCfg = Debug|Any CPU
		{4DEAF4DB-BA3F-455B-82F1-DF9329612E82}.Debug|Any CPU.Build.0 = Debug|Any CPU
		{4DEAF4DB-BA3F-455B-82F1-DF9329612E82}.Release|Any CPU.ActiveCfg = Release|Any CPU
		{4DEAF4DB-BA3F-455B-82F1-DF9329612E82}.Release|Any CPU.Build.0 = Release|Any CPU
		{AA25E2D8-3985-4A1E-864E-5CBFA69DBE42}.Debug|Any CPU.ActiveCfg = Debug|Any CPU
		{AA25E2D8-3985-4A1E-864E-5CBFA69DBE42}.Debug|Any CPU.Build.0 = Debug|Any CPU
		{AA25E2D8-3985-4A1E-864E-5CBFA69DBE42}.Release|Any CPU.ActiveCfg = Release|Any CPU
		{AA25E2D8-3985-4A1E-864E-5CBFA69DBE42}.Release|Any CPU.Build.0 = Release|Any CPU
		{90C207BF-B88D-4A47-898A-F828BD91F646}.Debug|Any CPU.ActiveCfg = Debug|Any CPU
		{90C207BF-B88D-4A47-898A-F828BD91F646}.Debug|Any CPU.Build.0 = Debug|Any CPU
		{90C207BF-B88D-4A47-898A-F828BD91F646}.Release|Any CPU.ActiveCfg = Release|Any CPU
		{90C207BF-B88D-4A47-898A-F828BD91F646}.Release|Any CPU.Build.0 = Release|Any CPU
		{0E9622F2-35CE-4540-BD51-899E8857EE4A}.Debug|Any CPU.ActiveCfg = Debug|Any CPU
		{0E9622F2-35CE-4540-BD51-899E8857EE4A}.Debug|Any CPU.Build.0 = Debug|Any CPU
		{0E9622F2-35CE-4540-BD51-899E8857EE4A}.Release|Any CPU.ActiveCfg = Release|Any CPU
		{0E9622F2-35CE-4540-BD51-899E8857EE4A}.Release|Any CPU.Build.0 = Release|Any CPU
		{EC0FA43B-9935-4BF4-8446-CA1482A42F04}.Debug|Any CPU.ActiveCfg = Debug|Any CPU
		{EC0FA43B-9935-4BF4-8446-CA1482A42F04}.Debug|Any CPU.Build.0 = Debug|Any CPU
		{EC0FA43B-9935-4BF4-8446-CA1482A42F04}.Release|Any CPU.ActiveCfg = Release|Any CPU
		{EC0FA43B-9935-4BF4-8446-CA1482A42F04}.Release|Any CPU.Build.0 = Release|Any CPU
	EndGlobalSection
	GlobalSection(SolutionProperties) = preSolution
		HideSolutionNode = FALSE
	EndGlobalSection
	GlobalSection(NestedProjects) = preSolution
		{30142C50-CF25-48FF-8522-5A41604A05A8} = {EE5FCEFF-0554-4FD7-9012-C83898DA8A07}
		{40EE6557-CA6E-495E-AE44-3B2273139AC8} = {EE5FCEFF-0554-4FD7-9012-C83898DA8A07}
		{AF2D1B25-63BD-4203-B1C3-2AAAFE4C721E} = {EE5FCEFF-0554-4FD7-9012-C83898DA8A07}
		{D88AA40F-724B-40C3-BA2F-0889192FD704} = {EE5FCEFF-0554-4FD7-9012-C83898DA8A07}
		{C355FF03-64DE-423F-B387-6AB5AD82BF0D} = {EE5FCEFF-0554-4FD7-9012-C83898DA8A07}
		{4DEAF4DB-BA3F-455B-82F1-DF9329612E82} = {EE5FCEFF-0554-4FD7-9012-C83898DA8A07}
		{AA25E2D8-3985-4A1E-864E-5CBFA69DBE42} = {EE5FCEFF-0554-4FD7-9012-C83898DA8A07}
		{90C207BF-B88D-4A47-898A-F828BD91F646} = {EE5FCEFF-0554-4FD7-9012-C83898DA8A07}
		{EC0FA43B-9935-4BF4-8446-CA1482A42F04} = {1337071C-E75C-4619-8AC6-975C88022F0C}
	EndGlobalSection
	GlobalSection(ExtensibilityGlobals) = postSolution
		SolutionGuid = {B284A636-BC86-440B-B94F-3AC81D189665}
	EndGlobalSection
EndGlobal
